PODS:
  - Amplitude (5.1.0)
  - Flutter (1.0.0)
  - flutter_amplitude (0.0.1):
    - Amplitude
    - Flutter

DEPENDENCIES:
  - Flutter (from `Pods/.symlinks/flutter/ios`)
  - flutter_amplitude (from `Pods/.symlinks/plugins/flutter_amplitude/ios`)

SPEC REPOS:
  trunk:
    - Amplitude

EXTERNAL SOURCES:
  Flutter:
    :path: Pods/.symlinks/flutter/ios
  flutter_amplitude:
    :path: Pods/.symlinks/plugins/flutter_amplitude/ios

SPEC CHECKSUMS:
  Amplitude: 1d3d18f82ba9852011aa7b9a741eac616d78fa82
  Flutter: 0e3d915762c693b495b44d77113d4970485de6ec
  flutter_amplitude: 6fedb5201114cad7c42e2539d6bc71c17cd29d09

PODFILE CHECKSUM: 2625e426c2d87c6d4fba226c34720c20ea3ccbb3

COCOAPODS: 1.9.1
